
Microsoft Visual Studio Solution File, Format Version 12.00
# Visual Studio Version 17
VisualStudioVersion = 17.7.34031.279
MinimumVisualStudioVersion = 10.0.40219.1
Project("{FAE04EC0-301F-11D3-BF4B-00C04F79EFBC}") = "NPIValidation", "NPIValidation\NPIValidation.csproj", "{EFE91D3C-D777-4A6A-8F73-18704864FCFC}"
EndProject
Global
	GlobalSection(SolutionConfigurationPlatforms) = preSolution
		Debug|Any CPU = Debug|Any CPU
		Release|Any CPU = Release|Any CPU
	EndGlobalSection
	GlobalSection(ProjectConfigurationPlatforms) = postSolution
		{EFE91D3C-D777-4A6A-8F73-18704864FCFC}.Debug|Any CPU.ActiveCfg = Debug|Any CPU
		{EFE91D3C-D777-4A6A-8F73-18704864FCFC}.Debug|Any CPU.Build.0 = Debug|Any CPU
		{EFE91D3C-D777-4A6A-8F73-18704864FCFC}.Release|Any CPU.ActiveCfg = Release|Any CPU
		{EFE91D3C-D777-4A6A-8F73-18704864FCFC}.Release|Any CPU.Build.0 = Release|Any CPU
	EndGlobalSection
	GlobalSection(SolutionProperties) = preSolution
		HideSolutionNode = FALSE
	EndGlobalSection
	GlobalSection(ExtensibilityGlobals) = postSolution
		SolutionGuid = {E57D0213-1B1A-4702-A017-434CACCEBB21}
	EndGlobalSection
EndGlobal
